Microsoft Visual Studio Solution File, Format Version 11.00
# Visual Studio 2010
Project("{8BC9CEB8-8B4A-11D0-8D11-00A0C91BC942}") = "tdsEngLib", "tdsEngLib.vcxproj", "{D66858BD-5645-0B33-60DC-884E3B802EA2}"
EndProject
Global
	GlobalSection(SolutionConfigurationPlatforms) = preSolution
		Debug|Win32 = Debug|Win32
		Release|Win32 = Release|Win32
	EndGlobalSection
	GlobalSection(ProjectConfigurationPlatforms) = postSolution
		{D66858BD-5645-0B33-60DC-884E3B802EA2}.Debug|Win32.ActiveCfg = Debug|Win32
		{D66858BD-5645-0B33-60DC-884E3B802EA2}.Release|Win32.ActiveCfg = Release|Win32
	EndGlobalSection
	GlobalSection(SolutionProperties) = preSolution
		HideSolutionNode = FALSE
	EndGlobalSection
EndGlobal
